
Microsoft Visual Studio Solution File, Format Version 12.00
# Visual Studio Version 16
VisualStudioVersion = 16.0.31129.286
MinimumVisualStudioVersion = 10.0.40219.1
Project("{FAE04EC0-301F-11D3-BF4B-00C04F79EFBC}") = "HomeWork10", "HomeWork10\HomeWork10.csproj", "{1CA2F264-50C6-4B54-AD79-0F7ABBBD02F8}"
EndProject
Global
	GlobalSection(SolutionConfigurationPlatforms) = preSolution
		Debug|Any CPU = Debug|Any CPU
		Release|Any CPU = Release|Any CPU
	EndGlobalSection
	GlobalSection(ProjectConfigurationPlatforms) = postSolution
		{1CA2F264-50C6-4B54-AD79-0F7ABBBD02F8}.Debug|Any CPU.ActiveCfg = Debug|Any CPU
		{1CA2F264-50C6-4B54-AD79-0F7ABBBD02F8}.Debug|Any CPU.Build.0 = Debug|Any CPU
		{1CA2F264-50C6-4B54-AD79-0F7ABBBD02F8}.Release|Any CPU.ActiveCfg = Release|Any CPU
		{1CA2F264-50C6-4B54-AD79-0F7ABBBD02F8}.Release|Any CPU.Build.0 = Release|Any CPU
	EndGlobalSection
	GlobalSection(SolutionProperties) = preSolution
		HideSolutionNode = FALSE
	EndGlobalSection
	GlobalSection(ExtensibilityGlobals) = postSolution
		SolutionGuid = {26C3115D-31B2-4399-8470-68D1356DDC59}
	EndGlobalSection
EndGlobal
