
Microsoft Visual Studio Solution File, Format Version 12.00
# Visual Studio Version 16
VisualStudioVersion = 16.0.31129.286
MinimumVisualStudioVersion = 10.0.40219.1
Project("{FAE04EC0-301F-11D3-BF4B-00C04F79EFBC}") = "BigHomeWork1", "BigHomeWork1\BigHomeWork1.csproj", "{C82486BB-AE72-4548-B9AF-3742A38E380E}"
EndProject
Global
	GlobalSection(SolutionConfigurationPlatforms) = preSolution
		Debug|Any CPU = Debug|Any CPU
		Release|Any CPU = Release|Any CPU
	EndGlobalSection
	GlobalSection(ProjectConfigurationPlatforms) = postSolution
		{C82486BB-AE72-4548-B9AF-3742A38E380E}.Debug|Any CPU.ActiveCfg = Debug|Any CPU
		{C82486BB-AE72-4548-B9AF-3742A38E380E}.Debug|Any CPU.Build.0 = Debug|Any CPU
		{C82486BB-AE72-4548-B9AF-3742A38E380E}.Release|Any CPU.ActiveCfg = Release|Any CPU
		{C82486BB-AE72-4548-B9AF-3742A38E380E}.Release|Any CPU.Build.0 = Release|Any CPU
	EndGlobalSection
	GlobalSection(SolutionProperties) = preSolution
		HideSolutionNode = FALSE
	EndGlobalSection
	GlobalSection(ExtensibilityGlobals) = postSolution
		SolutionGuid = {8E6EFA84-0F74-4AC4-AE25-A7EB536C10C4}
	EndGlobalSection
EndGlobal
