
Microsoft Visual Studio Solution File, Format Version 12.00
# Visual Studio Version 16
VisualStudioVersion = 16.0.31129.286
MinimumVisualStudioVersion = 10.0.40219.1
Project("{FAE04EC0-301F-11D3-BF4B-00C04F79EFBC}") = "HomeWork7", "HomeWork7\HomeWork7.csproj", "{5DC6D679-2EA7-4219-A2CA-5D0FEC59CFCA}"
EndProject
Global
	GlobalSection(SolutionConfigurationPlatforms) = preSolution
		Debug|Any CPU = Debug|Any CPU
		Release|Any CPU = Release|Any CPU
	EndGlobalSection
	GlobalSection(ProjectConfigurationPlatforms) = postSolution
		{5DC6D679-2EA7-4219-A2CA-5D0FEC59CFCA}.Debug|Any CPU.ActiveCfg = Debug|Any CPU
		{5DC6D679-2EA7-4219-A2CA-5D0FEC59CFCA}.Debug|Any CPU.Build.0 = Debug|Any CPU
		{5DC6D679-2EA7-4219-A2CA-5D0FEC59CFCA}.Release|Any CPU.ActiveCfg = Release|Any CPU
		{5DC6D679-2EA7-4219-A2CA-5D0FEC59CFCA}.Release|Any CPU.Build.0 = Release|Any CPU
	EndGlobalSection
	GlobalSection(SolutionProperties) = preSolution
		HideSolutionNode = FALSE
	EndGlobalSection
	GlobalSection(ExtensibilityGlobals) = postSolution
		SolutionGuid = {B7E7814E-FE67-4216-894C-C314D67C8540}
	EndGlobalSection
EndGlobal
