
Microsoft Visual Studio Solution File, Format Version 12.00
# Visual Studio Version 16
VisualStudioVersion = 16.0.31205.134
MinimumVisualStudioVersion = 10.0.40219.1
Project("{FAE04EC0-301F-11D3-BF4B-00C04F79EFBC}") = "WebApplicationSample", "WebApplicationSample\WebApplicationSample.csproj", "{922F18D7-E56D-4940-A425-DED1A9A3DC29}"
EndProject
Global
	GlobalSection(SolutionConfigurationPlatforms) = preSolution
		Debug|Any CPU = Debug|Any CPU
		Release|Any CPU = Release|Any CPU
	EndGlobalSection
	GlobalSection(ProjectConfigurationPlatforms) = postSolution
		{922F18D7-E56D-4940-A425-DED1A9A3DC29}.Debug|Any CPU.ActiveCfg = Debug|Any CPU
		{922F18D7-E56D-4940-A425-DED1A9A3DC29}.Debug|Any CPU.Build.0 = Debug|Any CPU
		{922F18D7-E56D-4940-A425-DED1A9A3DC29}.Release|Any CPU.ActiveCfg = Release|Any CPU
		{922F18D7-E56D-4940-A425-DED1A9A3DC29}.Release|Any CPU.Build.0 = Release|Any CPU
	EndGlobalSection
	GlobalSection(SolutionProperties) = preSolution
		HideSolutionNode = FALSE
	EndGlobalSection
	GlobalSection(ExtensibilityGlobals) = postSolution
		SolutionGuid = {B5235258-E966-4D48-AC06-612ED706953E}
	EndGlobalSection
EndGlobal
