
Microsoft Visual Studio Solution File, Format Version 12.00
# Visual Studio Version 16
VisualStudioVersion = 16.0.31205.134
MinimumVisualStudioVersion = 10.0.40219.1
Project("{FAE04EC0-301F-11D3-BF4B-00C04F79EFBC}") = "Lesson22", "Lesson22\Lesson22.csproj", "{931BFA8F-E029-4000-83F4-0F233DEE97F9}"
EndProject
Global
	GlobalSection(SolutionConfigurationPlatforms) = preSolution
		Debug|Any CPU = Debug|Any CPU
		Release|Any CPU = Release|Any CPU
	EndGlobalSection
	GlobalSection(ProjectConfigurationPlatforms) = postSolution
		{931BFA8F-E029-4000-83F4-0F233DEE97F9}.Debug|Any CPU.ActiveCfg = Debug|Any CPU
		{931BFA8F-E029-4000-83F4-0F233DEE97F9}.Debug|Any CPU.Build.0 = Debug|Any CPU
		{931BFA8F-E029-4000-83F4-0F233DEE97F9}.Release|Any CPU.ActiveCfg = Release|Any CPU
		{931BFA8F-E029-4000-83F4-0F233DEE97F9}.Release|Any CPU.Build.0 = Release|Any CPU
	EndGlobalSection
	GlobalSection(SolutionProperties) = preSolution
		HideSolutionNode = FALSE
	EndGlobalSection
	GlobalSection(ExtensibilityGlobals) = postSolution
		SolutionGuid = {480C581B-E189-47FB-8B07-F1CB316C0E4B}
	EndGlobalSection
EndGlobal
